// !$*UTF8*$!
{
	archiveVersion = 1;
	classes = {
	};
	objectVersion = 50;
	objects = {

/* Begin PBXBuildFile section */
		23F9BB618BBC74CD55986784 /* Pods_SocketClientTests.framework in Frameworks */ = {isa = PBXBuildFile; fileRef = 78AB715A0DAA7E096BDCD64A /* Pods_SocketClientTests.framework */; };
		49AE47CF22A0E2B2001D947E /* AppDelegate.swift in Sources */ = {isa = PBXBuildFile; fileRef = 49AE47CE22A0E2B2001D947E /* AppDelegate.swift */; };
		49AE47D122A0E2B2001D947E /* ViewController.swift in Sources */ = {isa = PBXBuildFile; fileRef = 49AE47D022A0E2B2001D947E /* ViewController.swift */; };
		49AE47D422A0E2B2001D947E /* Main.storyboard in Resources */ = {isa = PBXBuildFile; fileRef = 49AE47D222A0E2B2001D947E /* Main.storyboard */; };
		49AE47D622A0E2B4001D947E /* Assets.xcassets in Resources */ = {isa = PBXBuildFile; fileRef = 49AE47D522A0E2B4001D947E /* Assets.xcassets */; };
		49AE47D922A0E2B4001D947E /* LaunchScreen.storyboard in Resources */ = {isa = PBXBuildFile; fileRef = 49AE47D722A0E2B4001D947E /* LaunchScreen.storyboard */; };
		49AE47E422A0E2B4001D947E /* SocketClientTests.swift in Sources */ = {isa = PBXBuildFile; fileRef = 49AE47E322A0E2B4001D947E /* SocketClientTests.swift */; };
		49AE47EF22A0E2B4001D947E /* SocketClientUITests.swift in Sources */ = {isa = PBXBuildFile; fileRef = 49AE47EE22A0E2B4001D947E /* SocketClientUITests.swift */; };
		49AE47FE22A0E690001D947E /* package.json in Resources */ = {isa = PBXBuildFile; fileRef = 49AE47FC22A0E690001D947E /* package.json */; };
		49AE47FF22A0E690001D947E /* package-lock.json in Resources */ = {isa = PBXBuildFile; fileRef = 49AE47FD22A0E690001D947E /* package-lock.json */; };
		4E895268BC9A8F2CF79234E7 /* Pods_SocketClientUITests.framework in Frameworks */ = {isa = PBXBuildFile; fileRef = 6B141220CD3CE5DA4E930628 /* Pods_SocketClientUITests.framework */; };
		6BC73672E914C3737516E07B /* Pods_SocketClient.framework in Frameworks */ = {isa = PBXBuildFile; fileRef = 174BD07DEE492BB1F8FB4EAB /* Pods_SocketClient.framework */; };
/* End PBXBuildFile section */

/* Begin PBXContainerItemProxy section */
		49AE47E022A0E2B4001D947E /* PBXContainerItemProxy */ = {
			isa = PBXContainerItemProxy;
			containerPortal = 49AE47C322A0E2B2001D947E /* Project object */;
			proxyType = 1;
			remoteGlobalIDString = 49AE47CA22A0E2B2001D947E;
			remoteInfo = SocketClient;
		};
		49AE47EB22A0E2B4001D947E /* PBXContainerItemProxy */ = {
			isa = PBXContainerItemProxy;
			containerPortal = 49AE47C322A0E2B2001D947E /* Project object */;
			proxyType = 1;
			remoteGlobalIDString = 49AE47CA22A0E2B2001D947E;
			remoteInfo = SocketClient;
		};
/* End PBXContainerItemProxy section */

/* Begin PBXFileReference section */
		174BD07DEE492BB1F8FB4EAB /* Pods_SocketClient.framework */ = {isa = PBXFileReference; explicitFileType = wrapper.framework; includeInIndex = 0; path = Pods_SocketClient.framework; sourceTree = BUILT_PRODUCTS_DIR; };
		1A2D9F746662E75B1A90DCFB /* Pods-SocketClientUITests.release.xcconfig */ = {isa = PBXFileReference; includeInIndex = 1; lastKnownFileType = text.xcconfig; name = "Pods-SocketClientUITests.release.xcconfig"; path = "Target Support Files/Pods-SocketClientUITests/Pods-SocketClientUITests.release.xcconfig"; sourceTree = "<group>"; };
		2427289683FF49A617A33EF2 /* Pods-SocketClientUITests.debug.xcconfig */ = {isa = PBXFileReference; includeInIndex = 1; lastKnownFileType = text.xcconfig; name = "Pods-SocketClientUITests.debug.xcconfig"; path = "Target Support Files/Pods-SocketClientUITests/Pods-SocketClientUITests.debug.xcconfig"; sourceTree = "<group>"; };
		311D83A1BD923EC834FFBFF3 /* Pods-SocketClient.debug.xcconfig */ = {isa = PBXFileReference; includeInIndex = 1; lastKnownFileType = text.xcconfig; name = "Pods-SocketClient.debug.xcconfig"; path = "Target Support Files/Pods-SocketClient/Pods-SocketClient.debug.xcconfig"; sourceTree = "<group>"; };
		3F7B9BB7306B692BAFB3D344 /* Pods-SocketClientTests.debug.xcconfig */ = {isa = PBXFileReference; includeInIndex = 1; lastKnownFileType = text.xcconfig; name = "Pods-SocketClientTests.debug.xcconfig"; path = "Target Support Files/Pods-SocketClientTests/Pods-SocketClientTests.debug.xcconfig"; sourceTree = "<group>"; };
		49AE47CB22A0E2B2001D947E /* SocketClient.app */ = {isa = PBXFileReference; explicitFileType = wrapper.application; includeInIndex = 0; path = SocketClient.app; sourceTree = BUILT_PRODUCTS_DIR; };
		49AE47CE22A0E2B2001D947E /* AppDelegate.swift */ = {isa = PBXFileReference; lastKnownFileType = sourcecode.swift; path = AppDelegate.swift; sourceTree = "<group>"; };
		49AE47D022A0E2B2001D947E /* ViewController.swift */ = {isa = PBXFileReference; lastKnownFileType = sourcecode.swift; path = ViewController.swift; sourceTree = "<group>"; };
		49AE47D322A0E2B2001D947E /* Base */ = {isa = PBXFileReference; lastKnownFileType = file.storyboard; name = Base; path = Base.lproj/Main.storyboard; sourceTree = "<group>"; };
		49AE47D522A0E2B4001D947E /* Assets.xcassets */ = {isa = PBXFileReference; lastKnownFileType = folder.assetcatalog; path = Assets.xcassets; sourceTree = "<group>"; };
		49AE47D822A0E2B4001D947E /* Base */ = {isa = PBXFileReference; lastKnownFileType = file.storyboard; name = Base; path = Base.lproj/LaunchScreen.storyboard; sourceTree = "<group>"; };
		49AE47DA22A0E2B4001D947E /* Info.plist */ = {isa = PBXFileReference; lastKnownFileType = text.plist.xml; path = Info.plist; sourceTree = "<group>"; };
		49AE47DF22A0E2B4001D947E /* SocketClientTests.xctest */ = {isa = PBXFileReference; explicitFileType = wrapper.cfbundle; includeInIndex = 0; path = SocketClientTests.xctest; sourceTree = BUILT_PRODUCTS_DIR; };
		49AE47E322A0E2B4001D947E /* SocketClientTests.swift */ = {isa = PBXFileReference; lastKnownFileType = sourcecode.swift; path = SocketClientTests.swift; sourceTree = "<group>"; };
		49AE47E522A0E2B4001D947E /* Info.plist */ = {isa = PBXFileReference; lastKnownFileType = text.plist.xml; path = Info.plist; sourceTree = "<group>"; };
		49AE47EA22A0E2B4001D947E /* SocketClientUITests.xctest */ = {isa = PBXFileReference; explicitFileType = wrapper.cfbundle; includeInIndex = 0; path = SocketClientUITests.xctest; sourceTree = BUILT_PRODUCTS_DIR; };
		49AE47EE22A0E2B4001D947E /* SocketClientUITests.swift */ = {isa = PBXFileReference; lastKnownFileType = sourcecode.swift; path = SocketClientUITests.swift; sourceTree = "<group>"; };
		49AE47F022A0E2B4001D947E /* Info.plist */ = {isa = PBXFileReference; lastKnownFileType = text.plist.xml; path = Info.plist; sourceTree = "<group>"; };
		49AE47FC22A0E690001D947E /* package.json */ = {isa = PBXFileReference; fileEncoding = 4; lastKnownFileType = text.json; path = package.json; sourceTree = "<group>"; };
		49AE47FD22A0E690001D947E /* package-lock.json */ = {isa = PBXFileReference; fileEncoding = 4; lastKnownFileType = text.json; path = "package-lock.json"; sourceTree = "<group>"; };
		6B141220CD3CE5DA4E930628 /* Pods_SocketClientUITests.framework */ = {isa = PBXFileReference; explicitFileType = wrapper.framework; includeInIndex = 0; path = Pods_SocketClientUITests.framework; sourceTree = BUILT_PRODUCTS_DIR; };
		78AB715A0DAA7E096BDCD64A /* Pods_SocketClientTests.framework */ = {isa = PBXFileReference; explicitFileType = wrapper.framework; includeInIndex = 0; path = Pods_SocketClientTests.framework; sourceTree = BUILT_PRODUCTS_DIR; };
		E56015166CB685C5514A8A56 /* Pods-SocketClientTests.release.xcconfig */ = {isa = PBXFileReference; includeInIndex = 1; lastKnownFileType = text.xcconfig; name = "Pods-SocketClientTests.release.xcconfig"; path = "Target Support Files/Pods-SocketClientTests/Pods-SocketClientTests.release.xcconfig"; sourceTree = "<group>"; };
		F05FAE366B5420E8FAE32B0E /* Pods-SocketClient.release.xcconfig */ = {isa = PBXFileReference; includeInIndex = 1; lastKnownFileType = text.xcconfig; name = "Pods-SocketClient.release.xcconfig"; path = "Target Support Files/Pods-SocketClient/Pods-SocketClient.release.xcconfig"; sourceTree = "<group>"; };
/* End PBXFileReference section */

/* Begin PBXFrameworksBuildPhase section */
		49AE47C822A0E2B2001D947E /* Frameworks */ = {
			isa = PBXFrameworksBuildPhase;
			buildActionMask = 2147483647;
			files = (
				6BC73672E914C3737516E07B /* Pods_SocketClient.framework in Frameworks */,
			);
			runOnlyForDeploymentPostprocessing = 0;
		};
		49AE47DC22A0E2B4001D947E /* Frameworks */ = {
			isa = PBXFrameworksBuildPhase;
			buildActionMask = 2147483647;
			files = (
				23F9BB618BBC74CD55986784 /* Pods_SocketClientTests.framework in Frameworks */,
			);
			runOnlyForDeploymentPostprocessing = 0;
		};
		49AE47E722A0E2B4001D947E /* Frameworks */ = {
			isa = PBXFrameworksBuildPhase;
			buildActionMask = 2147483647;
			files = (
				4E895268BC9A8F2CF79234E7 /* Pods_SocketClientUITests.framework in Frameworks */,
			);
			runOnlyForDeploymentPostprocessing = 0;
		};
/* End PBXFrameworksBuildPhase section */

/* Begin PBXGroup section */
		49AE47C222A0E2B2001D947E = {
			isa = PBXGroup;
			children = (
				49AE47CD22A0E2B2001D947E /* SocketClient */,
				49AE47E222A0E2B4001D947E /* SocketClientTests */,
				49AE47ED22A0E2B4001D947E /* SocketClientUITests */,
				49AE47CC22A0E2B2001D947E /* Products */,
				D947FE0DAD9B3FD0BC810F88 /* Pods */,
				6CCE4E54CE1B12CF4BD5C8C2 /* Frameworks */,
			);
			sourceTree = "<group>";
		};
		49AE47CC22A0E2B2001D947E /* Products */ = {
			isa = PBXGroup;
			children = (
				49AE47CB22A0E2B2001D947E /* SocketClient.app */,
				49AE47DF22A0E2B4001D947E /* SocketClientTests.xctest */,
				49AE47EA22A0E2B4001D947E /* SocketClientUITests.xctest */,
			);
			name = Products;
			sourceTree = "<group>";
		};
		49AE47CD22A0E2B2001D947E /* SocketClient */ = {
			isa = PBXGroup;
			children = (
				49AE47FD22A0E690001D947E /* package-lock.json */,
				49AE47FC22A0E690001D947E /* package.json */,
				49AE47CE22A0E2B2001D947E /* AppDelegate.swift */,
				49AE47D022A0E2B2001D947E /* ViewController.swift */,
				49AE47D222A0E2B2001D947E /* Main.storyboard */,
				49AE47D522A0E2B4001D947E /* Assets.xcassets */,
				49AE47D722A0E2B4001D947E /* LaunchScreen.storyboard */,
				49AE47DA22A0E2B4001D947E /* Info.plist */,
			);
			path = SocketClient;
			sourceTree = "<group>";
		};
		49AE47E222A0E2B4001D947E /* SocketClientTests */ = {
			isa = PBXGroup;
			children = (
				49AE47E322A0E2B4001D947E /* SocketClientTests.swift */,
				49AE47E522A0E2B4001D947E /* Info.plist */,
			);
			path = SocketClientTests;
			sourceTree = "<group>";
		};
		49AE47ED22A0E2B4001D947E /* SocketClientUITests */ = {
			isa = PBXGroup;
			children = (
				49AE47EE22A0E2B4001D947E /* SocketClientUITests.swift */,
				49AE47F022A0E2B4001D947E /* Info.plist */,
			);
			path = SocketClientUITests;
			sourceTree = "<group>";
		};
		6CCE4E54CE1B12CF4BD5C8C2 /* Frameworks */ = {
			isa = PBXGroup;
			children = (
				174BD07DEE492BB1F8FB4EAB /* Pods_SocketClient.framework */,
				78AB715A0DAA7E096BDCD64A /* Pods_SocketClientTests.framework */,
				6B141220CD3CE5DA4E930628 /* Pods_SocketClientUITests.framework */,
			);
			name = Frameworks;
			sourceTree = "<group>";
		};
		D947FE0DAD9B3FD0BC810F88 /* Pods */ = {
			isa = PBXGroup;
			children = (
				311D83A1BD923EC834FFBFF3 /* Pods-SocketClient.debug.xcconfig */,
				F05FAE366B5420E8FAE32B0E /* Pods-SocketClient.release.xcconfig */,
				3F7B9BB7306B692BAFB3D344 /* Pods-SocketClientTests.debug.xcconfig */,
				E56015166CB685C5514A8A56 /* Pods-SocketClientTests.release.xcconfig */,
				2427289683FF49A617A33EF2 /* Pods-SocketClientUITests.debug.xcconfig */,
				1A2D9F746662E75B1A90DCFB /* Pods-SocketClientUITests.release.xcconfig */,
			);
			path = Pods;
			sourceTree = "<group>";
		};
/* End PBXGroup section */

/* Begin PBXNativeTarget section */
		49AE47CA22A0E2B2001D947E /* SocketClient */ = {
			isa = PBXNativeTarget;
			buildConfigurationList = 49AE47F322A0E2B4001D947E /* Build configuration list for PBXNativeTarget "SocketClient" */;
			buildPhases = (
				29CE15B3DD332317C108BF3D /* [CP] Check Pods Manifest.lock */,
				49AE47C722A0E2B2001D947E /* Sources */,
				49AE47C822A0E2B2001D947E /* Frameworks */,
				49AE47C922A0E2B2001D947E /* Resources */,
				A00E4B00D3A0C3CBFEDC6ABC /* [CP] Embed Pods Frameworks */,
			);
			buildRules = (
			);
			dependencies = (
			);
			name = SocketClient;
			productName = SocketClient;
			productReference = 49AE47CB22A0E2B2001D947E /* SocketClient.app */;
			productType = "com.apple.product-type.application";
		};
		49AE47DE22A0E2B4001D947E /* SocketClientTests */ = {
			isa = PBXNativeTarget;
			buildConfigurationList = 49AE47F622A0E2B4001D947E /* Build configuration list for PBXNativeTarget "SocketClientTests" */;
			buildPhases = (
				92E99CDF868F160D8273983C /* [CP] Check Pods Manifest.lock */,
				49AE47DB22A0E2B4001D947E /* Sources */,
				49AE47DC22A0E2B4001D947E /* Frameworks */,
				49AE47DD22A0E2B4001D947E /* Resources */,
			);
			buildRules = (
			);
			dependencies = (
				49AE47E122A0E2B4001D947E /* PBXTargetDependency */,
			);
			name = SocketClientTests;
			productName = SocketClientTests;
			productReference = 49AE47DF22A0E2B4001D947E /* SocketClientTests.xctest */;
			productType = "com.apple.product-type.bundle.unit-test";
		};
		49AE47E922A0E2B4001D947E /* SocketClientUITests */ = {
			isa = PBXNativeTarget;
			buildConfigurationList = 49AE47F922A0E2B4001D947E /* Build configuration list for PBXNativeTarget "SocketClientUITests" */;
			buildPhases = (
				E0824B77042002A38D4BC380 /* [CP] Check Pods Manifest.lock */,
				49AE47E622A0E2B4001D947E /* Sources */,
				49AE47E722A0E2B4001D947E /* Frameworks */,
				49AE47E822A0E2B4001D947E /* Resources */,
			);
			buildRules = (
			);
			dependencies = (
				49AE47EC22A0E2B4001D947E /* PBXTargetDependency */,
			);
			name = SocketClientUITests;
			productName = SocketClientUITests;
			productReference = 49AE47EA22A0E2B4001D947E /* SocketClientUITests.xctest */;
			productType = "com.apple.product-type.bundle.ui-testing";
		};
/* End PBXNativeTarget section */

/* Begin PBXProject section */
		49AE47C322A0E2B2001D947E /* Project object */ = {
			isa = PBXProject;
			attributes = {
				LastSwiftUpdateCheck = 1010;
				LastUpgradeCheck = 1010;
				ORGANIZATIONNAME = jefin;
				TargetAttributes = {
					49AE47CA22A0E2B2001D947E = {
						CreatedOnToolsVersion = 10.1;
					};
					49AE47DE22A0E2B4001D947E = {
						CreatedOnToolsVersion = 10.1;
						TestTargetID = 49AE47CA22A0E2B2001D947E;
					};
					49AE47E922A0E2B4001D947E = {
						CreatedOnToolsVersion = 10.1;
						TestTargetID = 49AE47CA22A0E2B2001D947E;
					};
				};
			};
			buildConfigurationList = 49AE47C622A0E2B2001D947E /* Build configuration list for PBXProject "SocketClient" */;
			compatibilityVersion = "Xcode 9.3";
			developmentRegion = en;
			hasScannedForEncodings = 0;
			knownRegions = (
				en,
				Base,
			);
			mainGroup = 49AE47C222A0E2B2001D947E;
			productRefGroup = 49AE47CC22A0E2B2001D947E /* Products */;
			projectDirPath = "";
			projectRoot = "";
			targets = (
				49AE47CA22A0E2B2001D947E /* SocketClient */,
				49AE47DE22A0E2B4001D947E /* SocketClientTests */,
				49AE47E922A0E2B4001D947E /* SocketClientUITests */,
			);
		};
/* End PBXProject section */

/* Begin PBXResourcesBuildPhase section */
		49AE47C922A0E2B2001D947E /* Resources */ = {
			isa = PBXResourcesBuildPhase;
			buildActionMask = 2147483647;
			files = (
				49AE47FE22A0E690001D947E /* package.json in Resources */,
				49AE47D922A0E2B4001D947E /* LaunchScreen.storyboard in Resources */,
				49AE47FF22A0E690001D947E /* package-lock.json in Resources */,
				49AE47D622A0E2B4001D947E /* Assets.xcassets in Resources */,
				49AE47D422A0E2B2001D947E /* Main.storyboard in Resources */,
			);
			runOnlyForDeploymentPostprocessing = 0;
		};
		49AE47DD22A0E2B4001D947E /* Resources */ = {
			isa = PBXResourcesBuildPhase;
			buildActionMask = 2147483647;
			files = (
			);
			runOnlyForDeploymentPostprocessing = 0;
		};
		49AE47E822A0E2B4001D947E /* Resources */ = {
			isa = PBXResourcesBuildPhase;
			buildActionMask = 2147483647;
			files = (
			);
			runOnlyForDeploymentPostprocessing = 0;
		};
/* End PBXResourcesBuildPhase section */

/* Begin PBXShellScriptBuildPhase section */
		29CE15B3DD332317C108BF3D /* [CP] Check Pods Manifest.lock */ = {
			isa = PBXShellScriptBuildPhase;
			buildActionMask = 2147483647;
			files = (
			);
			inputFileListPaths = (
			);
			inputPaths = (
				"${PODS_PODFILE_DIR_PATH}/Podfile.lock",
				"${PODS_ROOT}/Manifest.lock",
			);
			name = "[CP] Check Pods Manifest.lock";
			outputFileListPaths = (
			);
			outputPaths = (
				"$(DERIVED_FILE_DIR)/Pods-SocketClient-checkManifestLockResult.txt",
			);
			runOnlyForDeploymentPostprocessing = 0;
			shellPath = /bin/sh;
			shellScript = "diff \"${PODS_PODFILE_DIR_PATH}/Podfile.lock\" \"${PODS_ROOT}/Manifest.lock\" > /dev/null\nif [ $? != 0 ] ; then\n    # print error to STDERR\n    echo \"error: The sandbox is not in sync with the Podfile.lock. Run 'pod install' or update your CocoaPods installation.\" >&2\n    exit 1\nfi\n# This output is used by Xcode 'outputs' to avoid re-running this script phase.\necho \"SUCCESS\" > \"${SCRIPT_OUTPUT_FILE_0}\"\n";
			showEnvVarsInLog = 0;
		};
		92E99CDF868F160D8273983C /* [CP] Check Pods Manifest.lock */ = {
			isa = PBXShellScriptBuildPhase;
			buildActionMask = 2147483647;
			files = (
			);
			inputFileListPaths = (
			);
			inputPaths = (
				"${PODS_PODFILE_DIR_PATH}/Podfile.lock",
				"${PODS_ROOT}/Manifest.lock",
			);
			name = "[CP] Check Pods Manifest.lock";
			outputFileListPaths = (
			);
			outputPaths = (
				"$(DERIVED_FILE_DIR)/Pods-SocketClientTests-checkManifestLockResult.txt",
			);
			runOnlyForDeploymentPostprocessing = 0;
			shellPath = /bin/sh;
			shellScript = "diff \"${PODS_PODFILE_DIR_PATH}/Podfile.lock\" \"${PODS_ROOT}/Manifest.lock\" > /dev/null\nif [ $? != 0 ] ; then\n    # print error to STDERR\n    echo \"error: The sandbox is not in sync with the Podfile.lock. Run 'pod install' or update your CocoaPods installation.\" >&2\n    exit 1\nfi\n# This output is used by Xcode 'outputs' to avoid re-running this script phase.\necho \"SUCCESS\" > \"${SCRIPT_OUTPUT_FILE_0}\"\n";
			showEnvVarsInLog = 0;
		};
		A00E4B00D3A0C3CBFEDC6ABC /* [CP] Embed Pods Frameworks */ = {
			isa = PBXShellScriptBuildPhase;
			buildActionMask = 2147483647;
			files = (
			);
			inputFileListPaths = (
			);
			inputPaths = (
				"${PODS_ROOT}/Target Support Files/Pods-SocketClient/Pods-SocketClient-frameworks.sh",
				"${BUILT_PRODUCTS_DIR}/Socket.IO-Client-Swift/SocketIO.framework",
				"${BUILT_PRODUCTS_DIR}/Starscream/Starscream.framework",
			);
			name = "[CP] Embed Pods Frameworks";
			outputFileListPaths = (
			);
			outputPaths = (
				"${TARGET_BUILD_DIR}/${FRAMEWORKS_FOLDER_PATH}/SocketIO.framework",
				"${TARGET_BUILD_DIR}/${FRAMEWORKS_FOLDER_PATH}/Starscream.framework",
			);
			runOnlyForDeploymentPostprocessing = 0;
			shellPath = /bin/sh;
			shellScript = "\"${PODS_ROOT}/Target Support Files/Pods-SocketClient/Pods-SocketClient-frameworks.sh\"\n";
			showEnvVarsInLog = 0;
		};
		E0824B77042002A38D4BC380 /* [CP] Check Pods Manifest.lock */ = {
			isa = PBXShellScriptBuildPhase;
			buildActionMask = 2147483647;
			files = (
			);
			inputFileListPaths = (
			);
			inputPaths = (
				"${PODS_PODFILE_DIR_PATH}/Podfile.lock",
				"${PODS_ROOT}/Manifest.lock",
			);
			name = "[CP] Check Pods Manifest.lock";
			outputFileListPaths = (
			);
			outputPaths = (
				"$(DERIVED_FILE_DIR)/Pods-SocketClientUITests-checkManifestLockResult.txt",
			);
			runOnlyForDeploymentPostprocessing = 0;
			shellPath = /bin/sh;
			shellScript = "diff \"${PODS_PODFILE_DIR_PATH}/Podfile.lock\" \"${PODS_ROOT}/Manifest.lock\" > /dev/null\nif [ $? != 0 ] ; then\n    # print error to STDERR\n    echo \"error: The sandbox is not in sync with the Podfile.lock. Run 'pod install' or update your CocoaPods installation.\" >&2\n    exit 1\nfi\n# This output is used by Xcode 'outputs' to avoid re-running this script phase.\necho \"SUCCESS\" > \"${SCRIPT_OUTPUT_FILE_0}\"\n";
			showEnvVarsInLog = 0;
		};
/* End PBXShellScriptBuildPhase section */

/* Begin PBXSourcesBuildPhase section */
		49AE47C722A0E2B2001D947E /* Sources */ = {
			isa = PBXSourcesBuildPhase;
			buildActionMask = 2147483647;
			files = (
				49AE47D122A0E2B2001D947E /* ViewController.swift in Sources */,
				49AE47CF22A0E2B2001D947E /* AppDelegate.swift in Sources */,
			);
			runOnlyForDeploymentPostprocessing = 0;
		};
		49AE47DB22A0E2B4001D947E /* Sources */ = {
			isa = PBXSourcesBuildPhase;
			buildActionMask = 2147483647;
			files = (
				49AE47E422A0E2B4001D947E /* SocketClientTests.swift in Sources */,
			);
			runOnlyForDeploymentPostprocessing = 0;
		};
		49AE47E622A0E2B4001D947E /* Sources */ = {
			isa = PBXSourcesBuildPhase;
			buildActionMask = 2147483647;
			files = (
				49AE47EF22A0E2B4001D947E /* SocketClientUITests.swift in Sources */,
			);
			runOnlyForDeploymentPostprocessing = 0;
		};
/* End PBXSourcesBuildPhase section */

/* Begin PBXTargetDependency section */
		49AE47E122A0E2B4001D947E /* PBXTargetDependency */ = {
			isa = PBXTargetDependency;
			target = 49AE47CA22A0E2B2001D947E /* SocketClient */;
			targetProxy = 49AE47E022A0E2B4001D947E /* PBXContainerItemProxy */;
		};
		49AE47EC22A0E2B4001D947E /* PBXTargetDependency */ = {
			isa = PBXTargetDependency;
			target = 49AE47CA22A0E2B2001D947E /* SocketClient */;
			targetProxy = 49AE47EB22A0E2B4001D947E /* PBXContainerItemProxy */;
		};
/* End PBXTargetDependency section */

/* Begin PBXVariantGroup section */
		49AE47D222A0E2B2001D947E /* Main.storyboard */ = {
			isa = PBXVariantGroup;
			children = (
				49AE47D322A0E2B2001D947E /* Base */,
			);
			name = Main.storyboard;
			sourceTree = "<group>";
		};
		49AE47D722A0E2B4001D947E /* LaunchScreen.storyboard */ = {
			isa = PBXVariantGroup;
			children = (
				49AE47D822A0E2B4001D947E /* Base */,
			);
			name = LaunchScreen.storyboard;
			sourceTree = "<group>";
		};
/* End PBXVariantGroup section */

/* Begin XCBuildConfiguration section */
		49AE47F122A0E2B4001D947E /* Debug */ = {
			isa = XCBuildConfiguration;
			buildSettings = {
				ALWAYS_SEARCH_USER_PATHS = NO;
				CLANG_ANALYZER_NONNULL = YES;
				CLANG_ANALYZER_NUMBER_OBJECT_CONVERSION = YES_AGGRESSIVE;
				CLANG_CXX_LANGUAGE_STANDARD = "gnu++14";
				CLANG_CXX_LIBRARY = "libc++";
				CLANG_ENABLE_MODULES = YES;
				CLANG_ENABLE_OBJC_ARC = YES;
				CLANG_ENABLE_OBJC_WEAK = YES;
				CLANG_WARN_BLOCK_CAPTURE_AUTORELEASING = YES;
				CLANG_WARN_BOOL_CONVERSION = YES;
				CLANG_WARN_COMMA = YES;
				CLANG_WARN_CONSTANT_CONVERSION = YES;
				CLANG_WARN_DEPRECATED_OBJC_IMPLEMENTATIONS = YES;
				CLANG_WARN_DIRECT_OBJC_ISA_USAGE = YES_ERROR;
				CLANG_WARN_DOCUMENTATION_COMMENTS = YES;
				CLANG_WARN_EMPTY_BODY = YES;
				CLANG_WARN_ENUM_CONVERSION = YES;
				CLANG_WARN_INFINITE_RECURSION = YES;
				CLANG_WARN_INT_CONVERSION = YES;
				CLANG_WARN_NON_LITERAL_NULL_CONVERSION = YES;
				CLANG_WARN_OBJC_IMPLICIT_RETAIN_SELF = YES;
				CLANG_WARN_OBJC_LITERAL_CONVERSION = YES;
				CLANG_WARN_OBJC_ROOT_CLASS = YES_ERROR;
				CLANG_WARN_RANGE_LOOP_ANALYSIS = YES;
				CLANG_WARN_STRICT_PROTOTYPES = YES;
				CLANG_WARN_SUSPICIOUS_MOVE = YES;
				CLANG_WARN_UNGUARDED_AVAILABILITY = YES_AGGRESSIVE;
				CLANG_WARN_UNREACHABLE_CODE = YES;
				CLANG_WARN__DUPLICATE_METHOD_MATCH = YES;
				CODE_SIGN_IDENTITY = "iPhone Developer";
				COPY_PHASE_STRIP = NO;
				DEBUG_INFORMATION_FORMAT = dwarf;
				ENABLE_STRICT_OBJC_MSGSEND = YES;
				ENABLE_TESTABILITY = YES;
				GCC_C_LANGUAGE_STANDARD = gnu11;
				GCC_DYNAMIC_NO_PIC = NO;
				GCC_NO_COMMON_BLOCKS = YES;
				GCC_OPTIMIZATION_LEVEL = 0;
				GCC_PREPROCESSOR_DEFINITIONS = (
					"DEBUG=1",
					"$(inherited)",
				);
				GCC_WARN_64_TO_32_BIT_CONVERSION = YES;
				GCC_WARN_ABOUT_RETURN_TYPE = YES_ERROR;
				GCC_WARN_UNDECLARED_SELECTOR = YES;
				GCC_WARN_UNINITIALIZED_AUTOS = YES_AGGRESSIVE;
				GCC_WARN_UNUSED_FUNCTION = YES;
				GCC_WARN_UNUSED_VARIABLE = YES;
				IPHONEOS_DEPLOYMENT_TARGET = 12.1;
				MTL_ENABLE_DEBUG_INFO = INCLUDE_SOURCE;
				MTL_FAST_MATH = YES;
				ONLY_ACTIVE_ARCH = YES;
				SDKROOT = iphoneos;
				SWIFT_ACTIVE_COMPILATION_CONDITIONS = DEBUG;
				SWIFT_OPTIMIZATION_LEVEL = "-Onone";
			};
			name = Debug;
		};
		49AE47F222A0E2B4001D947E /* Release */ = {
			isa = XCBuildConfiguration;
			buildSettings = {
				ALWAYS_SEARCH_USER_PATHS = NO;
				CLANG_ANALYZER_NONNULL = YES;
				CLANG_ANALYZER_NUMBER_OBJECT_CONVERSION = YES_AGGRESSIVE;
				CLANG_CXX_LANGUAGE_STANDARD = "gnu++14";
				CLANG_CXX_LIBRARY = "libc++";
				CLANG_ENABLE_MODULES = YES;
				CLANG_ENABLE_OBJC_ARC = YES;
				CLANG_ENABLE_OBJC_WEAK = YES;
				CLANG_WARN_BLOCK_CAPTURE_AUTORELEASING = YES;
				CLANG_WARN_BOOL_CONVERSION = YES;
				CLANG_WARN_COMMA = YES;
				CLANG_WARN_CONSTANT_CONVERSION = YES;
				CLANG_WARN_DEPRECATED_OBJC_IMPLEMENTATIONS = YES;
				CLANG_WARN_DIRECT_OBJC_ISA_USAGE = YES_ERROR;
				CLANG_WARN_DOCUMENTATION_COMMENTS = YES;
				CLANG_WARN_EMPTY_BODY = YES;
				CLANG_WARN_ENUM_CONVERSION = YES;
				CLANG_WARN_INFINITE_RECURSION = YES;
				CLANG_WARN_INT_CONVERSION = YES;
				CLANG_WARN_NON_LITERAL_NULL_CONVERSION = YES;
				CLANG_WARN_OBJC_IMPLICIT_RETAIN_SELF = YES;
				CLANG_WARN_OBJC_LITERAL_CONVERSION = YES;
				CLANG_WARN_OBJC_ROOT_CLASS = YES_ERROR;
				CLANG_WARN_RANGE_LOOP_ANALYSIS = YES;
				CLANG_WARN_STRICT_PROTOTYPES = YES;
				CLANG_WARN_SUSPICIOUS_MOVE = YES;
				CLANG_WARN_UNGUARDED_AVAILABILITY = YES_AGGRESSIVE;
				CLANG_WARN_UNREACHABLE_CODE = YES;
				CLANG_WARN__DUPLICATE_METHOD_MATCH = YES;
				CODE_SIGN_IDENTITY = "iPhone Developer";
				COPY_PHASE_STRIP = NO;
				DEBUG_INFORMATION_FORMAT = "dwarf-with-dsym";
				ENABLE_NS_ASSERTIONS = NO;
				ENABLE_STRICT_OBJC_MSGSEND = YES;
				GCC_C_LANGUAGE_STANDARD = gnu11;
				GCC_NO_COMMON_BLOCKS = YES;
				GCC_WARN_64_TO_32_BIT_CONVERSION = YES;
				GCC_WARN_ABOUT_RETURN_TYPE = YES_ERROR;
				GCC_WARN_UNDECLARED_SELECTOR = YES;
				GCC_WARN_UNINITIALIZED_AUTOS = YES_AGGRESSIVE;
				GCC_WARN_UNUSED_FUNCTION = YES;
				GCC_WARN_UNUSED_VARIABLE = YES;
				IPHONEOS_DEPLOYMENT_TARGET = 12.1;
				MTL_ENABLE_DEBUG_INFO = NO;
				MTL_FAST_MATH = YES;
				SDKROOT = iphoneos;
				SWIFT_COMPILATION_MODE = wholemodule;
				SWIFT_OPTIMIZATION_LEVEL = "-O";
				VALIDATE_PRODUCT = YES;
			};
			name = Release;
		};
		49AE47F422A0E2B4001D947E /* Debug */ = {
			isa = XCBuildConfiguration;
			baseConfigurationReference = 311D83A1BD923EC834FFBFF3 /* Pods-SocketClient.debug.xcconfig */;
			buildSettings = {
				ASSETCATALOG_COMPILER_APPICON_NAME = AppIcon;
				CODE_SIGN_STYLE = Automatic;
				DEVELOPMENT_TEAM = 3874Q24RAH;
				INFOPLIST_FILE = SocketClient/Info.plist;
				LD_RUNPATH_SEARCH_PATHS = (
					"$(inherited)",
					"@executable_path/Frameworks",
				);
				PRODUCT_BUNDLE_IDENTIFIER = com.jefin.SocketClient;
				PRODUCT_NAME = "$(TARGET_NAME)";
				SWIFT_VERSION = 4.2;
				TARGETED_DEVICE_FAMILY = "1,2";
			};
			name = Debug;
		};
		49AE47F522A0E2B4001D947E /* Release */ = {
			isa = XCBuildConfiguration;
			baseConfigurationReference = F05FAE366B5420E8FAE32B0E /* Pods-SocketClient.release.xcconfig */;
			buildSettings = {
				ASSETCATALOG_COMPILER_APPICON_NAME = AppIcon;
				CODE_SIGN_STYLE = Automatic;
				DEVELOPMENT_TEAM = 3874Q24RAH;
				INFOPLIST_FILE = SocketClient/Info.plist;
				LD_RUNPATH_SEARCH_PATHS = (
					"$(inherited)",
					"@executable_path/Frameworks",
				);
				PRODUCT_BUNDLE_IDENTIFIER = com.jefin.SocketClient;
				PRODUCT_NAME = "$(TARGET_NAME)";
				SWIFT_VERSION = 4.2;
				TARGETED_DEVICE_FAMILY = "1,2";
			};
			name = Release;
		};
		49AE47F722A0E2B4001D947E /* Debug */ = {
			isa = XCBuildConfiguration;
			baseConfigurationReference = 3F7B9BB7306B692BAFB3D344 /* Pods-SocketClientTests.debug.xcconfig */;
			buildSettings = {
				ALWAYS_EMBED_SWIFT_STANDARD_LIBRARIES = YES;
				BUNDLE_LOADER = "$(TEST_HOST)";
				CODE_SIGN_STYLE = Automatic;
				DEVELOPMENT_TEAM = 3874Q24RAH;
				INFOPLIST_FILE = SocketClientTests/Info.plist;
				LD_RUNPATH_SEARCH_PATHS = (
					"$(inherited)",
					"@executable_path/Frameworks",
					"@loader_path/Frameworks",
				);
				PRODUCT_BUNDLE_IDENTIFIER = com.jefin.SocketClientTests;
				PRODUCT_NAME = "$(TARGET_NAME)";
				SWIFT_VERSION = 4.2;
				TARGETED_DEVICE_FAMILY = "1,2";
				TEST_HOST = "$(BUILT_PRODUCTS_DIR)/SocketClient.app/SocketClient";
			};
			name = Debug;
		};
		49AE47F822A0E2B4001D947E /* Release */ = {
			isa = XCBuildConfiguration;
			baseConfigurationReference = E56015166CB685C5514A8A56 /* Pods-SocketClientTests.release.xcconfig */;
			buildSettings = {
				ALWAYS_EMBED_SWIFT_STANDARD_LIBRARIES = YES;
				BUNDLE_LOADER = "$(TEST_HOST)";
				CODE_SIGN_STYLE = Automatic;
				DEVELOPMENT_TEAM = 3874Q24RAH;
				INFOPLIST_FILE = SocketClientTests/Info.plist;
				LD_RUNPATH_SEARCH_PATHS = (
					"$(inherited)",
					"@executable_path/Frameworks",
					"@loader_path/Frameworks",
				);
				PRODUCT_BUNDLE_IDENTIFIER = com.jefin.SocketClientTests;
				PRODUCT_NAME = "$(TARGET_NAME)";
				SWIFT_VERSION = 4.2;
				TARGETED_DEVICE_FAMILY = "1,2";
				TEST_HOST = "$(BUILT_PRODUCTS_DIR)/SocketClient.app/SocketClient";
			};
			name = Release;
		};
		49AE47FA22A0E2B4001D947E /* Debug */ = {
			isa = XCBuildConfiguration;
			baseConfigurationReference = 2427289683FF49A617A33EF2 /* Pods-SocketClientUITests.debug.xcconfig */;
			buildSettings = {
				ALWAYS_EMBED_SWIFT_STANDARD_LIBRARIES = YES;
				CODE_SIGN_STYLE = Automatic;
				DEVELOPMENT_TEAM = 3874Q24RAH;
				INFOPLIST_FILE = SocketClientUITests/Info.plist;
				LD_RUNPATH_SEARCH_PATHS = (
					"$(inherited)",
					"@executable_path/Frameworks",
					"@loader_path/Frameworks",
				);
				PRODUCT_BUNDLE_IDENTIFIER = com.jefin.SocketClientUITests;
				PRODUCT_NAME = "$(TARGET_NAME)";
				SWIFT_VERSION = 4.2;
				TARGETED_DEVICE_FAMILY = "1,2";
				TEST_TARGET_NAME = SocketClient;
			};
			name = Debug;
		};
		49AE47FB22A0E2B4001D947E /* Release */ = {
			isa = XCBuildConfiguration;
			baseConfigurationReference = 1A2D9F746662E75B1A90DCFB /* Pods-SocketClientUITests.release.xcconfig */;
			buildSettings = {
				ALWAYS_EMBED_SWIFT_STANDARD_LIBRARIES = YES;
				CODE_SIGN_STYLE = Automatic;
				DEVELOPMENT_TEAM = 3874Q24RAH;
				INFOPLIST_FILE = SocketClientUITests/Info.plist;
				LD_RUNPATH_SEARCH_PATHS = (
					"$(inherited)",
					"@executable_path/Frameworks",
					"@loader_path/Frameworks",
				);
				PRODUCT_BUNDLE_IDENTIFIER = com.jefin.SocketClientUITests;
				PRODUCT_NAME = "$(TARGET_NAME)";
				SWIFT_VERSION = 4.2;
				TARGETED_DEVICE_FAMILY = "1,2";
				TEST_TARGET_NAME = SocketClient;
			};
			name = Release;
		};
/* End XCBuildConfiguration section */

/* Begin XCConfigurationList section */
		49AE47C622A0E2B2001D947E /* Build configuration list for PBXProject "SocketClient" */ = {
			isa = XCConfigurationList;
			buildConfigurations = (
				49AE47F122A0E2B4001D947E /* Debug */,
				49AE47F222A0E2B4001D947E /* Release */,
			);
			defaultConfigurationIsVisible = 0;
			defaultConfigurationName = Release;
		};
		49AE47F322A0E2B4001D947E /* Build configuration list for PBXNativeTarget "SocketClient" */ = {
			isa = XCConfigurationList;
			buildConfigurations = (
				49AE47F422A0E2B4001D947E /* Debug */,
				49AE47F522A0E2B4001D947E /* Release */,
			);
			defaultConfigurationIsVisible = 0;
			defaultConfigurationName = Release;
		};
		49AE47F622A0E2B4001D947E /* Build configuration list for PBXNativeTarget "SocketClientTests" */ = {
			isa = XCConfigurationList;
			buildConfigurations = (
				49AE47F722A0E2B4001D947E /* Debug */,
				49AE47F822A0E2B4001D947E /* Release */,
			);
			defaultConfigurationIsVisible = 0;
			defaultConfigurationName = Release;
		};
		49AE47F922A0E2B4001D947E /* Build configuration list for PBXNativeTarget "SocketClientUITests" */ = {
			isa = XCConfigurationList;
			buildConfigurations = (
				49AE47FA22A0E2B4001D947E /* Debug */,
				49AE47FB22A0E2B4001D947E /* Release */,
			);
			defaultConfigurationIsVisible = 0;
			defaultConfigurationName = Release;
		};
/* End XCConfigurationList section */
	};
	rootObject = 49AE47C322A0E2B2001D947E /* Project object */;
}
